// !$*UTF8*$!
{
	archiveVersion = 1;
	classes = {
	};
	objectVersion = 56;
	objects = {

/* Begin PBXBuildFile section */
		D5B077A52A1F403B00E78D7A /* WinningScene.swift in Sources */ = {isa = PBXBuildFile; fileRef = D5B077A42A1F403B00E78D7A /* WinningScene.swift */; };
		D5D9C2412A1A5EBE006E4295 /* AppDelegate.swift in Sources */ = {isa = PBXBuildFile; fileRef = D5D9C2402A1A5EBE006E4295 /* AppDelegate.swift */; };
		D5D9C2432A1A5EBE006E4295 /* SceneDelegate.swift in Sources */ = {isa = PBXBuildFile; fileRef = D5D9C2422A1A5EBE006E4295 /* SceneDelegate.swift */; };
		D5D9C2452A1A5EBE006E4295 /* FirstScreen.swift in Sources */ = {isa = PBXBuildFile; fileRef = D5D9C2442A1A5EBE006E4295 /* FirstScreen.swift */; };
		D5D9C24A2A1A5EBF006E4295 /* Assets.xcassets in Resources */ = {isa = PBXBuildFile; fileRef = D5D9C2492A1A5EBF006E4295 /* Assets.xcassets */; };
		D5D9C24D2A1A5EBF006E4295 /* LaunchScreen.storyboard in Resources */ = {isa = PBXBuildFile; fileRef = D5D9C24B2A1A5EBF006E4295 /* LaunchScreen.storyboard */; };
		D5D9C2552A1A754C006E4295 /* PlayScreen.swift in Sources */ = {isa = PBXBuildFile; fileRef = D5D9C2542A1A754C006E4295 /* PlayScreen.swift */; };
		D5D9C2572A1B8266006E4295 /* GameScene.swift in Sources */ = {isa = PBXBuildFile; fileRef = D5D9C2562A1B8266006E4295 /* GameScene.swift */; };
		D5D9C2592A1BB1B1006E4295 /* Paddle.swift in Sources */ = {isa = PBXBuildFile; fileRef = D5D9C2582A1BB1B1006E4295 /* Paddle.swift */; };
/* End PBXBuildFile section */

/* Begin PBXFileReference section */
		D5B077A42A1F403B00E78D7A /* WinningScene.swift */ = {isa = PBXFileReference; lastKnownFileType = sourcecode.swift; path = WinningScene.swift; sourceTree = "<group>"; };
		D5D9C23D2A1A5EBE006E4295 /* Iceland Hockey.app */ = {isa = PBXFileReference; explicitFileType = wrapper.application; includeInIndex = 0; path = "Iceland Hockey.app"; sourceTree = BUILT_PRODUCTS_DIR; };
		D5D9C2402A1A5EBE006E4295 /* AppDelegate.swift */ = {isa = PBXFileReference; lastKnownFileType = sourcecode.swift; path = AppDelegate.swift; sourceTree = "<group>"; };
		D5D9C2422A1A5EBE006E4295 /* SceneDelegate.swift */ = {isa = PBXFileReference; lastKnownFileType = sourcecode.swift; path = SceneDelegate.swift; sourceTree = "<group>"; };
		D5D9C2442A1A5EBE006E4295 /* FirstScreen.swift */ = {isa = PBXFileReference; lastKnownFileType = sourcecode.swift; path = FirstScreen.swift; sourceTree = "<group>"; };
		D5D9C2492A1A5EBF006E4295 /* Assets.xcassets */ = {isa = PBXFileReference; lastKnownFileType = folder.assetcatalog; path = Assets.xcassets; sourceTree = "<group>"; };
		D5D9C24C2A1A5EBF006E4295 /* Base */ = {isa = PBXFileReference; lastKnownFileType = file.storyboard; name = Base; path = Base.lproj/LaunchScreen.storyboard; sourceTree = "<group>"; };
		D5D9C24E2A1A5EBF006E4295 /* Info.plist */ = {isa = PBXFileReference; lastKnownFileType = text.plist.xml; path = Info.plist; sourceTree = "<group>"; };
		D5D9C2542A1A754C006E4295 /* PlayScreen.swift */ = {isa = PBXFileReference; lastKnownFileType = sourcecode.swift; path = PlayScreen.swift; sourceTree = "<group>"; };
		D5D9C2562A1B8266006E4295 /* GameScene.swift */ = {isa = PBXFileReference; lastKnownFileType = sourcecode.swift; path = GameScene.swift; sourceTree = "<group>"; };
		D5D9C2582A1BB1B1006E4295 /* Paddle.swift */ = {isa = PBXFileReference; lastKnownFileType = sourcecode.swift; path = Paddle.swift; sourceTree = "<group>"; };
/* End PBXFileReference section */

/* Begin PBXFrameworksBuildPhase section */
		D5D9C23A2A1A5EBE006E4295 /* Frameworks */ = {
			isa = PBXFrameworksBuildPhase;
			buildActionMask = 2147483647;
			files = (
			);
			runOnlyForDeploymentPostprocessing = 0;
		};
/* End PBXFrameworksBuildPhase section */

/* Begin PBXGroup section */
		D5D9C2342A1A5EBE006E4295 = {
			isa = PBXGroup;
			children = (
				D5D9C23F2A1A5EBE006E4295 /* Iceland Hockey */,
				D5D9C23E2A1A5EBE006E4295 /* Products */,
			);
			sourceTree = "<group>";
		};
		D5D9C23E2A1A5EBE006E4295 /* Products */ = {
			isa = PBXGroup;
			children = (
				D5D9C23D2A1A5EBE006E4295 /* Iceland Hockey.app */,
			);
			name = Products;
			sourceTree = "<group>";
		};
		D5D9C23F2A1A5EBE006E4295 /* Iceland Hockey */ = {
			isa = PBXGroup;
			children = (
				D5D9C2402A1A5EBE006E4295 /* AppDelegate.swift */,
				D5D9C2422A1A5EBE006E4295 /* SceneDelegate.swift */,
				D5D9C2442A1A5EBE006E4295 /* FirstScreen.swift */,
				D5D9C2542A1A754C006E4295 /* PlayScreen.swift */,
				D5D9C2562A1B8266006E4295 /* GameScene.swift */,
				D5B077A42A1F403B00E78D7A /* WinningScene.swift */,
				D5D9C2492A1A5EBF006E4295 /* Assets.xcassets */,
				D5D9C24B2A1A5EBF006E4295 /* LaunchScreen.storyboard */,
				D5D9C24E2A1A5EBF006E4295 /* Info.plist */,
				D5D9C2582A1BB1B1006E4295 /* Paddle.swift */,
			);
			path = "Iceland Hockey";
			sourceTree = "<group>";
		};
/* End PBXGroup section */

/* Begin PBXNativeTarget section */
		D5D9C23C2A1A5EBE006E4295 /* Iceland Hockey */ = {
			isa = PBXNativeTarget;
			buildConfigurationList = D5D9C2512A1A5EBF006E4295 /* Build configuration list for PBXNativeTarget "Iceland Hockey" */;
			buildPhases = (
				D5D9C2392A1A5EBE006E4295 /* Sources */,
				D5D9C23A2A1A5EBE006E4295 /* Frameworks */,
				D5D9C23B2A1A5EBE006E4295 /* Resources */,
			);
			buildRules = (
			);
			dependencies = (
			);
			name = "Iceland Hockey";
			productName = "Iceland Hockey";
			productReference = D5D9C23D2A1A5EBE006E4295 /* Iceland Hockey.app */;
			productType = "com.apple.product-type.application";
		};
/* End PBXNativeTarget section */

/* Begin PBXProject section */
		D5D9C2352A1A5EBE006E4295 /* Project object */ = {
			isa = PBXProject;
			attributes = {
				BuildIndependentTargetsInParallel = 1;
				LastSwiftUpdateCheck = 1430;
				LastUpgradeCheck = 1430;
				TargetAttributes = {
					D5D9C23C2A1A5EBE006E4295 = {
						CreatedOnToolsVersion = 14.3;
					};
				};
			};
			buildConfigurationList = D5D9C2382A1A5EBE006E4295 /* Build configuration list for PBXProject "Iceland Hockey" */;
			compatibilityVersion = "Xcode 14.0";
			developmentRegion = en;
			hasScannedForEncodings = 0;
			knownRegions = (
				en,
				Base,
			);
			mainGroup = D5D9C2342A1A5EBE006E4295;
			productRefGroup = D5D9C23E2A1A5EBE006E4295 /* Products */;
			projectDirPath = "";
			projectRoot = "";
			targets = (
				D5D9C23C2A1A5EBE006E4295 /* Iceland Hockey */,
			);
		};
/* End PBXProject section */

/* Begin PBXResourcesBuildPhase section */
		D5D9C23B2A1A5EBE006E4295 /* Resources */ = {
			isa = PBXResourcesBuildPhase;
			buildActionMask = 2147483647;
			files = (
				D5D9C24D2A1A5EBF006E4295 /* LaunchScreen.storyboard in Resources */,
				D5D9C24A2A1A5EBF006E4295 /* Assets.xcassets in Resources */,
			);
			runOnlyForDeploymentPostprocessing = 0;
		};
/* End PBXResourcesBuildPhase section */

/* Begin PBXSourcesBuildPhase section */
		D5D9C2392A1A5EBE006E4295 /* Sources */ = {
			isa = PBXSourcesBuildPhase;
			buildActionMask = 2147483647;
			files = (
				D5D9C2572A1B8266006E4295 /* GameScene.swift in Sources */,
				D5D9C2452A1A5EBE006E4295 /* FirstScreen.swift in Sources */,
				D5B077A52A1F403B00E78D7A /* WinningScene.swift in Sources */,
				D5D9C2552A1A754C006E4295 /* PlayScreen.swift in Sources */,
				D5D9C2592A1BB1B1006E4295 /* Paddle.swift in Sources */,
				D5D9C2412A1A5EBE006E4295 /* AppDelegate.swift in Sources */,
				D5D9C2432A1A5EBE006E4295 /* SceneDelegate.swift in Sources */,
			);
			runOnlyForDeploymentPostprocessing = 0;
		};
/* End PBXSourcesBuildPhase section */

/* Begin PBXVariantGroup section */
		D5D9C24B2A1A5EBF006E4295 /* LaunchScreen.storyboard */ = {
			isa = PBXVariantGroup;
			children = (
				D5D9C24C2A1A5EBF006E4295 /* Base */,
			);
			name = LaunchScreen.storyboard;
			sourceTree = "<group>";
		};
/* End PBXVariantGroup section */

/* Begin XCBuildConfiguration section */
		D5D9C24F2A1A5EBF006E4295 /* Debug */ = {
			isa = XCBuildConfiguration;
			buildSettings = {
				ALWAYS_SEARCH_USER_PATHS = NO;
				CLANG_ANALYZER_NONNULL = YES;
				CLANG_ANALYZER_NUMBER_OBJECT_CONVERSION = YES_AGGRESSIVE;
				CLANG_CXX_LANGUAGE_STANDARD = "gnu++20";
				CLANG_ENABLE_MODULES = YES;
				CLANG_ENABLE_OBJC_ARC = YES;
				CLANG_ENABLE_OBJC_WEAK = YES;
				CLANG_WARN_BLOCK_CAPTURE_AUTORELEASING = YES;
				CLANG_WARN_BOOL_CONVERSION = YES;
				CLANG_WARN_COMMA = YES;
				CLANG_WARN_CONSTANT_CONVERSION = YES;
				CLANG_WARN_DEPRECATED_OBJC_IMPLEMENTATIONS = YES;
				CLANG_WARN_DIRECT_OBJC_ISA_USAGE = YES_ERROR;
				CLANG_WARN_DOCUMENTATION_COMMENTS = YES;
				CLANG_WARN_EMPTY_BODY = YES;
				CLANG_WARN_ENUM_CONVERSION = YES;
				CLANG_WARN_INFINITE_RECURSION = YES;
				CLANG_WARN_INT_CONVERSION = YES;
				CLANG_WARN_NON_LITERAL_NULL_CONVERSION = YES;
				CLANG_WARN_OBJC_IMPLICIT_RETAIN_SELF = YES;
				CLANG_WARN_OBJC_LITERAL_CONVERSION = YES;
				CLANG_WARN_OBJC_ROOT_CLASS = YES_ERROR;
				CLANG_WARN_QUOTED_INCLUDE_IN_FRAMEWORK_HEADER = YES;
				CLANG_WARN_RANGE_LOOP_ANALYSIS = YES;
				CLANG_WARN_STRICT_PROTOTYPES = YES;
				CLANG_WARN_SUSPICIOUS_MOVE = YES;
				CLANG_WARN_UNGUARDED_AVAILABILITY = YES_AGGRESSIVE;
				CLANG_WARN_UNREACHABLE_CODE = YES;
				CLANG_WARN__DUPLICATE_METHOD_MATCH = YES;
				COPY_PHASE_STRIP = NO;
				DEBUG_INFORMATION_FORMAT = dwarf;
				ENABLE_STRICT_OBJC_MSGSEND = YES;
				ENABLE_TESTABILITY = YES;
				GCC_C_LANGUAGE_STANDARD = gnu11;
				GCC_DYNAMIC_NO_PIC = NO;
				GCC_NO_COMMON_BLOCKS = YES;
				GCC_OPTIMIZATION_LEVEL = 0;
				GCC_PREPROCESSOR_DEFINITIONS = (
					"DEBUG=1",
					"$(inherited)",
				);
				GCC_WARN_64_TO_32_BIT_CONVERSION = YES;
				GCC_WARN_ABOUT_RETURN_TYPE = YES_ERROR;
				GCC_WARN_UNDECLARED_SELECTOR = YES;
				GCC_WARN_UNINITIALIZED_AUTOS = YES_AGGRESSIVE;
				GCC_WARN_UNUSED_FUNCTION = YES;
				GCC_WARN_UNUSED_VARIABLE = YES;
				IPHONEOS_DEPLOYMENT_TARGET = 16.1;
				MTL_ENABLE_DEBUG_INFO = INCLUDE_SOURCE;
				MTL_FAST_MATH = YES;
				ONLY_ACTIVE_ARCH = YES;
				SDKROOT = iphoneos;
				SWIFT_ACTIVE_COMPILATION_CONDITIONS = DEBUG;
				SWIFT_OPTIMIZATION_LEVEL = "-Onone";
			};
			name = Debug;
		};
		D5D9C2502A1A5EBF006E4295 /* Release */ = {
			isa = XCBuildConfiguration;
			buildSettings = {
				ALWAYS_SEARCH_USER_PATHS = NO;
				CLANG_ANALYZER_NONNULL = YES;
				CLANG_ANALYZER_NUMBER_OBJECT_CONVERSION = YES_AGGRESSIVE;
				CLANG_CXX_LANGUAGE_STANDARD = "gnu++20";
				CLANG_ENABLE_MODULES = YES;
				CLANG_ENABLE_OBJC_ARC = YES;
				CLANG_ENABLE_OBJC_WEAK = YES;
				CLANG_WARN_BLOCK_CAPTURE_AUTORELEASING = YES;
				CLANG_WARN_BOOL_CONVERSION = YES;
				CLANG_WARN_COMMA = YES;
				CLANG_WARN_CONSTANT_CONVERSION = YES;
				CLANG_WARN_DEPRECATED_OBJC_IMPLEMENTATIONS = YES;
				CLANG_WARN_DIRECT_OBJC_ISA_USAGE = YES_ERROR;
				CLANG_WARN_DOCUMENTATION_COMMENTS = YES;
				CLANG_WARN_EMPTY_BODY = YES;
				CLANG_WARN_ENUM_CONVERSION = YES;
				CLANG_WARN_INFINITE_RECURSION = YES;
				CLANG_WARN_INT_CONVERSION = YES;
				CLANG_WARN_NON_LITERAL_NULL_CONVERSION = YES;
				CLANG_WARN_OBJC_IMPLICIT_RETAIN_SELF = YES;
				CLANG_WARN_OBJC_LITERAL_CONVERSION = YES;
				CLANG_WARN_OBJC_ROOT_CLASS = YES_ERROR;
				CLANG_WARN_QUOTED_INCLUDE_IN_FRAMEWORK_HEADER = YES;
				CLANG_WARN_RANGE_LOOP_ANALYSIS = YES;
				CLANG_WARN_STRICT_PROTOTYPES = YES;
				CLANG_WARN_SUSPICIOUS_MOVE = YES;
				CLANG_WARN_UNGUARDED_AVAILABILITY = YES_AGGRESSIVE;
				CLANG_WARN_UNREACHABLE_CODE = YES;
				CLANG_WARN__DUPLICATE_METHOD_MATCH = YES;
				COPY_PHASE_STRIP = NO;
				DEBUG_INFORMATION_FORMAT = "dwarf-with-dsym";
				ENABLE_NS_ASSERTIONS = NO;
				ENABLE_STRICT_OBJC_MSGSEND = YES;
				GCC_C_LANGUAGE_STANDARD = gnu11;
				GCC_NO_COMMON_BLOCKS = YES;
				GCC_WARN_64_TO_32_BIT_CONVERSION = YES;
				GCC_WARN_ABOUT_RETURN_TYPE = YES_ERROR;
				GCC_WARN_UNDECLARED_SELECTOR = YES;
				GCC_WARN_UNINITIALIZED_AUTOS = YES_AGGRESSIVE;
				GCC_WARN_UNUSED_FUNCTION = YES;
				GCC_WARN_UNUSED_VARIABLE = YES;
				IPHONEOS_DEPLOYMENT_TARGET = 16.1;
				MTL_ENABLE_DEBUG_INFO = NO;
				MTL_FAST_MATH = YES;
				SDKROOT = iphoneos;
				SWIFT_COMPILATION_MODE = wholemodule;
				SWIFT_OPTIMIZATION_LEVEL = "-O";
				VALIDATE_PRODUCT = YES;
			};
			name = Release;
		};
		D5D9C2522A1A5EBF006E4295 /* Debug */ = {
			isa = XCBuildConfiguration;
			buildSettings = {
				ASSETCATALOG_COMPILER_APPICON_NAME = AppIcon;
				ASSETCATALOG_COMPILER_GLOBAL_ACCENT_COLOR_NAME = AccentColor;
				CODE_SIGN_STYLE = Automatic;
				CURRENT_PROJECT_VERSION = 1;
				DEVELOPMENT_TEAM = PM68VG5TVC;
				GENERATE_INFOPLIST_FILE = YES;
				INFOPLIST_FILE = "Iceland Hockey/Info.plist";
				INFOPLIST_KEY_UIApplicationSupportsIndirectInputEvents = YES;
				INFOPLIST_KEY_UILaunchStoryboardName = LaunchScreen;
				INFOPLIST_KEY_UISupportedInterfaceOrientations_iPad = "UIInterfaceOrientationPortrait UIInterfaceOrientationPortraitUpsideDown UIInterfaceOrientationLandscapeLeft UIInterfaceOrientationLandscapeRight";
				INFOPLIST_KEY_UISupportedInterfaceOrientations_iPhone = "UIInterfaceOrientationPortrait UIInterfaceOrientationLandscapeLeft UIInterfaceOrientationLandscapeRight";
				LD_RUNPATH_SEARCH_PATHS = (
					"$(inherited)",
					"@executable_path/Frameworks",
				);
				MARKETING_VERSION = 1.0;
				PRODUCT_BUNDLE_IDENTIFIER = "io.iosacademy.Iceland-Hockey";
				PRODUCT_NAME = "$(TARGET_NAME)";
				SWIFT_EMIT_LOC_STRINGS = YES;
				SWIFT_VERSION = 5.0;
				TARGETED_DEVICE_FAMILY = "1,2";
			};
			name = Debug;
		};
		D5D9C2532A1A5EBF006E4295 /* Release */ = {
			isa = XCBuildConfiguration;
			buildSettings = {
				ASSETCATALOG_COMPILER_APPICON_NAME = AppIcon;
				ASSETCATALOG_COMPILER_GLOBAL_ACCENT_COLOR_NAME = AccentColor;
				CODE_SIGN_STYLE = Automatic;
				CURRENT_PROJECT_VERSION = 1;
				DEVELOPMENT_TEAM = PM68VG5TVC;
				GENERATE_INFOPLIST_FILE = YES;
				INFOPLIST_FILE = "Iceland Hockey/Info.plist";
				INFOPLIST_KEY_UIApplicationSupportsIndirectInputEvents = YES;
				INFOPLIST_KEY_UILaunchStoryboardName = LaunchScreen;
				INFOPLIST_KEY_UISupportedInterfaceOrientations_iPad = "UIInterfaceOrientationPortrait UIInterfaceOrientationPortraitUpsideDown UIInterfaceOrientationLandscapeLeft UIInterfaceOrientationLandscapeRight";
				INFOPLIST_KEY_UISupportedInterfaceOrientations_iPhone = "UIInterfaceOrientationPortrait UIInterfaceOrientationLandscapeLeft UIInterfaceOrientationLandscapeRight";
				LD_RUNPATH_SEARCH_PATHS = (
					"$(inherited)",
					"@executable_path/Frameworks",
				);
				MARKETING_VERSION = 1.0;
				PRODUCT_BUNDLE_IDENTIFIER = "io.iosacademy.Iceland-Hockey";
				PRODUCT_NAME = "$(TARGET_NAME)";
				SWIFT_EMIT_LOC_STRINGS = YES;
				SWIFT_VERSION = 5.0;
				TARGETED_DEVICE_FAMILY = "1,2";
			};
			name = Release;
		};
/* End XCBuildConfiguration section */

/* Begin XCConfigurationList section */
		D5D9C2382A1A5EBE006E4295 /* Build configuration list for PBXProject "Iceland Hockey" */ = {
			isa = XCConfigurationList;
			buildConfigurations = (
				D5D9C24F2A1A5EBF006E4295 /* Debug */,
				D5D9C2502A1A5EBF006E4295 /* Release */,
			);
			defaultConfigurationIsVisible = 0;
			defaultConfigurationName = Release;
		};
		D5D9C2512A1A5EBF006E4295 /* Build configuration list for PBXNativeTarget "Iceland Hockey" */ = {
			isa = XCConfigurationList;
			buildConfigurations = (
				D5D9C2522A1A5EBF006E4295 /* Debug */,
				D5D9C2532A1A5EBF006E4295 /* Release */,
			);
			defaultConfigurationIsVisible = 0;
			defaultConfigurationName = Release;
		};
/* End XCConfigurationList section */
	};
	rootObject = D5D9C2352A1A5EBE006E4295 /* Project object */;
}
